
Microsoft Visual Studio Solution File, Format Version 12.00
# Visual Studio Version 17
VisualStudioVersion = 17.5.002.0
MinimumVisualStudioVersion = 10.0.40219.1
Project("{9A19103F-16F7-4668-BE54-9A1E7A4F7556}") = "WorkingWithEFCore", "Extension Methods\WorkingWithEFCore.csproj", "{0CFECB37-6481-4DF2-9383-490248A26D43}"
EndProject
Global
	GlobalSection(SolutionConfigurationPlatforms) = preSolution
		Debug|Any CPU = Debug|Any CPU
		Release|Any CPU = Release|Any CPU
	EndGlobalSection
	GlobalSection(ProjectConfigurationPlatforms) = postSolution
		{0CFECB37-6481-4DF2-9383-490248A26D43}.Debug|Any CPU.ActiveCfg = Debug|Any CPU
		{0CFECB37-6481-4DF2-9383-490248A26D43}.Debug|Any CPU.Build.0 = Debug|Any CPU
		{0CFECB37-6481-4DF2-9383-490248A26D43}.Release|Any CPU.ActiveCfg = Release|Any CPU
		{0CFECB37-6481-4DF2-9383-490248A26D43}.Release|Any CPU.Build.0 = Release|Any CPU
	EndGlobalSection
	GlobalSection(SolutionProperties) = preSolution
		HideSolutionNode = FALSE
	EndGlobalSection
	GlobalSection(ExtensibilityGlobals) = postSolution
		SolutionGuid = {BD479AA8-CF71-4A06-A62D-908F377487BA}
	EndGlobalSection
EndGlobal
